// !$*UTF8*$!
{
	archiveVersion = 1;
	classes = {
	};
	objectVersion = 46;
	objects = {

/* Begin PBXBuildFile section */
		A3333AE11F6D29A5002E88F2 /* AppDelegate.swift in Sources */ = {isa = PBXBuildFile; fileRef = A3333AE01F6D29A5002E88F2 /* AppDelegate.swift */; };
		A3333AE91F6D29A5002E88F2 /* QuadCurveMenuSWIFT.xcdatamodeld in Sources */ = {isa = PBXBuildFile; fileRef = A3333AE71F6D29A5002E88F2 /* QuadCurveMenuSWIFT.xcdatamodeld */; };
		A3333AEB1F6D29A5002E88F2 /* Assets.xcassets in Resources */ = {isa = PBXBuildFile; fileRef = A3333AEA1F6D29A5002E88F2 /* Assets.xcassets */; };
		A3333AF91F6D29A5002E88F2 /* QuadCurveMenuSWIFTTests.swift in Sources */ = {isa = PBXBuildFile; fileRef = A3333AF81F6D29A5002E88F2 /* QuadCurveMenuSWIFTTests.swift */; };
		A3333B041F6D29A5002E88F2 /* QuadCurveMenuSWIFTUITests.swift in Sources */ = {isa = PBXBuildFile; fileRef = A3333B031F6D29A5002E88F2 /* QuadCurveMenuSWIFTUITests.swift */; };
		A3333B121F6D2C5C002E88F2 /* AwesomeViewController.swift in Sources */ = {isa = PBXBuildFile; fileRef = A3333B111F6D2C5C002E88F2 /* AwesomeViewController.swift */; };
		A3333B141F6D2DD2002E88F2 /* QuadCurveMenuDelegate.swift in Sources */ = {isa = PBXBuildFile; fileRef = A3333B131F6D2DD2002E88F2 /* QuadCurveMenuDelegate.swift */; };
		A3333B1A1F6D3911002E88F2 /* AwesomeDataSource.swift in Sources */ = {isa = PBXBuildFile; fileRef = A3333B191F6D3911002E88F2 /* AwesomeDataSource.swift */; };
		A3333B1C1F6D3CB7002E88F2 /* QuadCurveDataSourceDelegate.swift in Sources */ = {isa = PBXBuildFile; fileRef = A3333B1B1F6D3CB7002E88F2 /* QuadCurveDataSourceDelegate.swift */; };
		A3333B1E1F6E0B6D002E88F2 /* QuadCurveDefaultDataSource.swift in Sources */ = {isa = PBXBuildFile; fileRef = A3333B1D1F6E0B6D002E88F2 /* QuadCurveDefaultDataSource.swift */; };
		A3333B2D1F6E0E58002E88F2 /* unknown-user@2x.png in Resources */ = {isa = PBXBuildFile; fileRef = A3333B201F6E0E58002E88F2 /* unknown-user@2x.png */; };
		A3333B2E1F6E0E58002E88F2 /* unknown-user.png in Resources */ = {isa = PBXBuildFile; fileRef = A3333B211F6E0E58002E88F2 /* unknown-user.png */; };
		A3333B2F1F6E0E58002E88F2 /* icon-star@2x.png in Resources */ = {isa = PBXBuildFile; fileRef = A3333B221F6E0E58002E88F2 /* icon-star@2x.png */; };
		A3333B301F6E0E58002E88F2 /* icon-star@2x.jpg in Resources */ = {isa = PBXBuildFile; fileRef = A3333B231F6E0E58002E88F2 /* icon-star@2x.jpg */; };
		A3333B311F6E0E58002E88F2 /* icon-star.png in Resources */ = {isa = PBXBuildFile; fileRef = A3333B241F6E0E58002E88F2 /* icon-star.png */; };
		A3333B321F6E0E58002E88F2 /* icon-star.jpg in Resources */ = {isa = PBXBuildFile; fileRef = A3333B251F6E0E58002E88F2 /* icon-star.jpg */; };
		A3333B331F6E0E58002E88F2 /* icon-plus@2x.png in Resources */ = {isa = PBXBuildFile; fileRef = A3333B261F6E0E58002E88F2 /* icon-plus@2x.png */; };
		A3333B341F6E0E58002E88F2 /* icon-plus@2x.jpg in Resources */ = {isa = PBXBuildFile; fileRef = A3333B271F6E0E58002E88F2 /* icon-plus@2x.jpg */; };
		A3333B351F6E0E58002E88F2 /* icon-plus.png in Resources */ = {isa = PBXBuildFile; fileRef = A3333B281F6E0E58002E88F2 /* icon-plus.png */; };
		A3333B361F6E0E58002E88F2 /* icon-plus.jpg in Resources */ = {isa = PBXBuildFile; fileRef = A3333B291F6E0E58002E88F2 /* icon-plus.jpg */; };
		A3333B371F6E0E58002E88F2 /* facebook@2x.png in Resources */ = {isa = PBXBuildFile; fileRef = A3333B2A1F6E0E58002E88F2 /* facebook@2x.png */; };
		A3333B381F6E0E58002E88F2 /* facebook.png in Resources */ = {isa = PBXBuildFile; fileRef = A3333B2B1F6E0E58002E88F2 /* facebook.png */; };
		A3333B391F6E0E58002E88F2 /* classy_fabric.png in Resources */ = {isa = PBXBuildFile; fileRef = A3333B2C1F6E0E58002E88F2 /* classy_fabric.png */; };
		A3333B3D1F6E10B9002E88F2 /* QuadCurveMenuItemEventDelegate.swift in Sources */ = {isa = PBXBuildFile; fileRef = A3333B3C1F6E10B9002E88F2 /* QuadCurveMenuItemEventDelegate.swift */; };
		A3333B3F1F6E118C002E88F2 /* Default-568h@2x.png in Resources */ = {isa = PBXBuildFile; fileRef = A3333B3E1F6E118C002E88F2 /* Default-568h@2x.png */; };
		A3333B431F6E11C2002E88F2 /* QuadCurveMenuItem.swift in Sources */ = {isa = PBXBuildFile; fileRef = A3333B421F6E11C2002E88F2 /* QuadCurveMenuItem.swift */; };
		A3333B451F6E1211002E88F2 /* QuadCurveMenu.swift in Sources */ = {isa = PBXBuildFile; fileRef = A3333B441F6E1211002E88F2 /* QuadCurveMenu.swift */; };
		A3333B481F6E1931002E88F2 /* QuadCurveAnimation.swift in Sources */ = {isa = PBXBuildFile; fileRef = A3333B471F6E1931002E88F2 /* QuadCurveAnimation.swift */; };
		A3333B4A1F6E193C002E88F2 /* QuadCurveBlowupAnimation.swift in Sources */ = {isa = PBXBuildFile; fileRef = A3333B491F6E193C002E88F2 /* QuadCurveBlowupAnimation.swift */; };
		A3333B4C1F6E1949002E88F2 /* QuadCurveShrinkAnimation.swift in Sources */ = {isa = PBXBuildFile; fileRef = A3333B4B1F6E1949002E88F2 /* QuadCurveShrinkAnimation.swift */; };
		A3333B4E1F6E1953002E88F2 /* QuadCurveItemCloseAnimation.swift in Sources */ = {isa = PBXBuildFile; fileRef = A3333B4D1F6E1953002E88F2 /* QuadCurveItemCloseAnimation.swift */; };
		A3333B501F6E1960002E88F2 /* QuadCurveItemExpandAnimation.swift in Sources */ = {isa = PBXBuildFile; fileRef = A3333B4F1F6E1960002E88F2 /* QuadCurveItemExpandAnimation.swift */; };
		A3333B521F6E1971002E88F2 /* QuadCurveTiltAnimation.swift in Sources */ = {isa = PBXBuildFile; fileRef = A3333B511F6E1971002E88F2 /* QuadCurveTiltAnimation.swift */; };
		A3333B551F6E1F42002E88F2 /* QuadCurveMotionDirector.swift in Sources */ = {isa = PBXBuildFile; fileRef = A3333B541F6E1F42002E88F2 /* QuadCurveMotionDirector.swift */; };
		A3333B571F6E1F4F002E88F2 /* QuadCurveRadialDirector.swift in Sources */ = {isa = PBXBuildFile; fileRef = A3333B561F6E1F4F002E88F2 /* QuadCurveRadialDirector.swift */; };
		A3333B591F6E1F5B002E88F2 /* QuadCurveLinearDirector.swift in Sources */ = {isa = PBXBuildFile; fileRef = A3333B581F6E1F5B002E88F2 /* QuadCurveLinearDirector.swift */; };
		A3333B5C1F6E5AF9002E88F2 /* AGMedallionView.swift in Sources */ = {isa = PBXBuildFile; fileRef = A3333B5B1F6E5AF9002E88F2 /* AGMedallionView.swift */; };
		A3333B5F1F6EA8AB002E88F2 /* QuadCurveMenuItemFactory.swift in Sources */ = {isa = PBXBuildFile; fileRef = A3333B5E1F6EA8AB002E88F2 /* QuadCurveMenuItemFactory.swift */; };
		A3333B611F6EA90E002E88F2 /* QuadCurveDefaultMenuItemFactory.swift in Sources */ = {isa = PBXBuildFile; fileRef = A3333B601F6EA90E002E88F2 /* QuadCurveDefaultMenuItemFactory.swift */; };
/* End PBXBuildFile section */

/* Begin PBXContainerItemProxy section */
		A3333AF51F6D29A5002E88F2 /* PBXContainerItemProxy */ = {
			isa = PBXContainerItemProxy;
			containerPortal = A3333AD51F6D29A5002E88F2 /* Project object */;
			proxyType = 1;
			remoteGlobalIDString = A3333ADC1F6D29A5002E88F2;
			remoteInfo = QuadCurveMenuSWIFT;
		};
		A3333B001F6D29A5002E88F2 /* PBXContainerItemProxy */ = {
			isa = PBXContainerItemProxy;
			containerPortal = A3333AD51F6D29A5002E88F2 /* Project object */;
			proxyType = 1;
			remoteGlobalIDString = A3333ADC1F6D29A5002E88F2;
			remoteInfo = QuadCurveMenuSWIFT;
		};
/* End PBXContainerItemProxy section */

/* Begin PBXFileReference section */
		A3333ADD1F6D29A5002E88F2 /* QuadCurveMenuSWIFT.app */ = {isa = PBXFileReference; explicitFileType = wrapper.application; includeInIndex = 0; path = QuadCurveMenuSWIFT.app; sourceTree = BUILT_PRODUCTS_DIR; };
		A3333AE01F6D29A5002E88F2 /* AppDelegate.swift */ = {isa = PBXFileReference; lastKnownFileType = sourcecode.swift; path = AppDelegate.swift; sourceTree = "<group>"; };
		A3333AE81F6D29A5002E88F2 /* QuadCurveMenuSWIFT.xcdatamodel */ = {isa = PBXFileReference; lastKnownFileType = wrapper.xcdatamodel; path = QuadCurveMenuSWIFT.xcdatamodel; sourceTree = "<group>"; };
		A3333AEA1F6D29A5002E88F2 /* Assets.xcassets */ = {isa = PBXFileReference; lastKnownFileType = folder.assetcatalog; path = Assets.xcassets; sourceTree = "<group>"; };
		A3333AEF1F6D29A5002E88F2 /* Info.plist */ = {isa = PBXFileReference; lastKnownFileType = text.plist.xml; path = Info.plist; sourceTree = "<group>"; };
		A3333AF41F6D29A5002E88F2 /* QuadCurveMenuSWIFTTests.xctest */ = {isa = PBXFileReference; explicitFileType = wrapper.cfbundle; includeInIndex = 0; path = QuadCurveMenuSWIFTTests.xctest; sourceTree = BUILT_PRODUCTS_DIR; };
		A3333AF81F6D29A5002E88F2 /* QuadCurveMenuSWIFTTests.swift */ = {isa = PBXFileReference; lastKnownFileType = sourcecode.swift; path = QuadCurveMenuSWIFTTests.swift; sourceTree = "<group>"; };
		A3333AFA1F6D29A5002E88F2 /* Info.plist */ = {isa = PBXFileReference; lastKnownFileType = text.plist.xml; path = Info.plist; sourceTree = "<group>"; };
		A3333AFF1F6D29A5002E88F2 /* QuadCurveMenuSWIFTUITests.xctest */ = {isa = PBXFileReference; explicitFileType = wrapper.cfbundle; includeInIndex = 0; path = QuadCurveMenuSWIFTUITests.xctest; sourceTree = BUILT_PRODUCTS_DIR; };
		A3333B031F6D29A5002E88F2 /* QuadCurveMenuSWIFTUITests.swift */ = {isa = PBXFileReference; lastKnownFileType = sourcecode.swift; path = QuadCurveMenuSWIFTUITests.swift; sourceTree = "<group>"; };
		A3333B051F6D29A5002E88F2 /* Info.plist */ = {isa = PBXFileReference; lastKnownFileType = text.plist.xml; path = Info.plist; sourceTree = "<group>"; };
		A3333B111F6D2C5C002E88F2 /* AwesomeViewController.swift */ = {isa = PBXFileReference; fileEncoding = 4; lastKnownFileType = sourcecode.swift; path = AwesomeViewController.swift; sourceTree = "<group>"; };
		A3333B131F6D2DD2002E88F2 /* QuadCurveMenuDelegate.swift */ = {isa = PBXFileReference; fileEncoding = 4; lastKnownFileType = sourcecode.swift; path = QuadCurveMenuDelegate.swift; sourceTree = "<group>"; };
		A3333B191F6D3911002E88F2 /* AwesomeDataSource.swift */ = {isa = PBXFileReference; fileEncoding = 4; lastKnownFileType = sourcecode.swift; path = AwesomeDataSource.swift; sourceTree = "<group>"; };
		A3333B1B1F6D3CB7002E88F2 /* QuadCurveDataSourceDelegate.swift */ = {isa = PBXFileReference; fileEncoding = 4; lastKnownFileType = sourcecode.swift; path = QuadCurveDataSourceDelegate.swift; sourceTree = "<group>"; };
		A3333B1D1F6E0B6D002E88F2 /* QuadCurveDefaultDataSource.swift */ = {isa = PBXFileReference; fileEncoding = 4; lastKnownFileType = sourcecode.swift; path = QuadCurveDefaultDataSource.swift; sourceTree = "<group>"; };
		A3333B201F6E0E58002E88F2 /* unknown-user@2x.png */ = {isa = PBXFileReference; lastKnownFileType = image.png; name = "unknown-user@2x.png"; path = "images/unknown-user@2x.png"; sourceTree = "<group>"; };
		A3333B211F6E0E58002E88F2 /* unknown-user.png */ = {isa = PBXFileReference; lastKnownFileType = image.png; name = "unknown-user.png"; path = "images/unknown-user.png"; sourceTree = "<group>"; };
		A3333B221F6E0E58002E88F2 /* icon-star@2x.png */ = {isa = PBXFileReference; lastKnownFileType = image.png; name = "icon-star@2x.png"; path = "images/icon-star@2x.png"; sourceTree = "<group>"; };
		A3333B231F6E0E58002E88F2 /* icon-star@2x.jpg */ = {isa = PBXFileReference; lastKnownFileType = image.jpeg; name = "icon-star@2x.jpg"; path = "images/icon-star@2x.jpg"; sourceTree = "<group>"; };
		A3333B241F6E0E58002E88F2 /* icon-star.png */ = {isa = PBXFileReference; lastKnownFileType = image.png; name = "icon-star.png"; path = "images/icon-star.png"; sourceTree = "<group>"; };
		A3333B251F6E0E58002E88F2 /* icon-star.jpg */ = {isa = PBXFileReference; lastKnownFileType = image.jpeg; name = "icon-star.jpg"; path = "images/icon-star.jpg"; sourceTree = "<group>"; };
		A3333B261F6E0E58002E88F2 /* icon-plus@2x.png */ = {isa = PBXFileReference; lastKnownFileType = image.png; name = "icon-plus@2x.png"; path = "images/icon-plus@2x.png"; sourceTree = "<group>"; };
		A3333B271F6E0E58002E88F2 /* icon-plus@2x.jpg */ = {isa = PBXFileReference; lastKnownFileType = image.jpeg; name = "icon-plus@2x.jpg"; path = "images/icon-plus@2x.jpg"; sourceTree = "<group>"; };
		A3333B281F6E0E58002E88F2 /* icon-plus.png */ = {isa = PBXFileReference; lastKnownFileType = image.png; name = "icon-plus.png"; path = "images/icon-plus.png"; sourceTree = "<group>"; };
		A3333B291F6E0E58002E88F2 /* icon-plus.jpg */ = {isa = PBXFileReference; lastKnownFileType = image.jpeg; name = "icon-plus.jpg"; path = "images/icon-plus.jpg"; sourceTree = "<group>"; };
		A3333B2A1F6E0E58002E88F2 /* facebook@2x.png */ = {isa = PBXFileReference; lastKnownFileType = image.png; name = "facebook@2x.png"; path = "images/facebook@2x.png"; sourceTree = "<group>"; };
		A3333B2B1F6E0E58002E88F2 /* facebook.png */ = {isa = PBXFileReference; lastKnownFileType = image.png; name = facebook.png; path = images/facebook.png; sourceTree = "<group>"; };
		A3333B2C1F6E0E58002E88F2 /* classy_fabric.png */ = {isa = PBXFileReference; lastKnownFileType = image.png; name = classy_fabric.png; path = images/classy_fabric.png; sourceTree = "<group>"; };
		A3333B3C1F6E10B9002E88F2 /* QuadCurveMenuItemEventDelegate.swift */ = {isa = PBXFileReference; fileEncoding = 4; lastKnownFileType = sourcecode.swift; path = QuadCurveMenuItemEventDelegate.swift; sourceTree = "<group>"; };
		A3333B3E1F6E118C002E88F2 /* Default-568h@2x.png */ = {isa = PBXFileReference; lastKnownFileType = image.png; path = "Default-568h@2x.png"; sourceTree = "<group>"; };
		A3333B421F6E11C2002E88F2 /* QuadCurveMenuItem.swift */ = {isa = PBXFileReference; fileEncoding = 4; lastKnownFileType = sourcecode.swift; path = QuadCurveMenuItem.swift; sourceTree = "<group>"; };
		A3333B441F6E1211002E88F2 /* QuadCurveMenu.swift */ = {isa = PBXFileReference; fileEncoding = 4; lastKnownFileType = sourcecode.swift; path = QuadCurveMenu.swift; sourceTree = "<group>"; };
		A3333B471F6E1931002E88F2 /* QuadCurveAnimation.swift */ = {isa = PBXFileReference; fileEncoding = 4; lastKnownFileType = sourcecode.swift; path = QuadCurveAnimation.swift; sourceTree = "<group>"; };
		A3333B491F6E193C002E88F2 /* QuadCurveBlowupAnimation.swift */ = {isa = PBXFileReference; fileEncoding = 4; lastKnownFileType = sourcecode.swift; path = QuadCurveBlowupAnimation.swift; sourceTree = "<group>"; };
		A3333B4B1F6E1949002E88F2 /* QuadCurveShrinkAnimation.swift */ = {isa = PBXFileReference; fileEncoding = 4; lastKnownFileType = sourcecode.swift; path = QuadCurveShrinkAnimation.swift; sourceTree = "<group>"; };
		A3333B4D1F6E1953002E88F2 /* QuadCurveItemCloseAnimation.swift */ = {isa = PBXFileReference; fileEncoding = 4; lastKnownFileType = sourcecode.swift; path = QuadCurveItemCloseAnimation.swift; sourceTree = "<group>"; };
		A3333B4F1F6E1960002E88F2 /* QuadCurveItemExpandAnimation.swift */ = {isa = PBXFileReference; fileEncoding = 4; lastKnownFileType = sourcecode.swift; path = QuadCurveItemExpandAnimation.swift; sourceTree = "<group>"; };
		A3333B511F6E1971002E88F2 /* QuadCurveTiltAnimation.swift */ = {isa = PBXFileReference; fileEncoding = 4; lastKnownFileType = sourcecode.swift; path = QuadCurveTiltAnimation.swift; sourceTree = "<group>"; };
		A3333B541F6E1F42002E88F2 /* QuadCurveMotionDirector.swift */ = {isa = PBXFileReference; fileEncoding = 4; lastKnownFileType = sourcecode.swift; path = QuadCurveMotionDirector.swift; sourceTree = "<group>"; };
		A3333B561F6E1F4F002E88F2 /* QuadCurveRadialDirector.swift */ = {isa = PBXFileReference; fileEncoding = 4; lastKnownFileType = sourcecode.swift; path = QuadCurveRadialDirector.swift; sourceTree = "<group>"; };
		A3333B581F6E1F5B002E88F2 /* QuadCurveLinearDirector.swift */ = {isa = PBXFileReference; fileEncoding = 4; lastKnownFileType = sourcecode.swift; path = QuadCurveLinearDirector.swift; sourceTree = "<group>"; };
		A3333B5B1F6E5AF9002E88F2 /* AGMedallionView.swift */ = {isa = PBXFileReference; fileEncoding = 4; lastKnownFileType = sourcecode.swift; path = AGMedallionView.swift; sourceTree = "<group>"; };
		A3333B5E1F6EA8AB002E88F2 /* QuadCurveMenuItemFactory.swift */ = {isa = PBXFileReference; fileEncoding = 4; lastKnownFileType = sourcecode.swift; path = QuadCurveMenuItemFactory.swift; sourceTree = "<group>"; };
		A3333B601F6EA90E002E88F2 /* QuadCurveDefaultMenuItemFactory.swift */ = {isa = PBXFileReference; fileEncoding = 4; lastKnownFileType = sourcecode.swift; path = QuadCurveDefaultMenuItemFactory.swift; sourceTree = "<group>"; };
/* End PBXFileReference section */

/* Begin PBXFrameworksBuildPhase section */
		A3333ADA1F6D29A5002E88F2 /* Frameworks */ = {
			isa = PBXFrameworksBuildPhase;
			buildActionMask = 2147483647;
			files = (
			);
			runOnlyForDeploymentPostprocessing = 0;
		};
		A3333AF11F6D29A5002E88F2 /* Frameworks */ = {
			isa = PBXFrameworksBuildPhase;
			buildActionMask = 2147483647;
			files = (
			);
			runOnlyForDeploymentPostprocessing = 0;
		};
		A3333AFC1F6D29A5002E88F2 /* Frameworks */ = {
			isa = PBXFrameworksBuildPhase;
			buildActionMask = 2147483647;
			files = (
			);
			runOnlyForDeploymentPostprocessing = 0;
		};
/* End PBXFrameworksBuildPhase section */

/* Begin PBXGroup section */
		A3333AD41F6D29A5002E88F2 = {
			isa = PBXGroup;
			children = (
				A3333B3E1F6E118C002E88F2 /* Default-568h@2x.png */,
				A3333ADF1F6D29A5002E88F2 /* QuadCurveMenuSWIFT */,
				A3333AF71F6D29A5002E88F2 /* QuadCurveMenuSWIFTTests */,
				A3333B021F6D29A5002E88F2 /* QuadCurveMenuSWIFTUITests */,
				A3333ADE1F6D29A5002E88F2 /* Products */,
			);
			sourceTree = "<group>";
		};
		A3333ADE1F6D29A5002E88F2 /* Products */ = {
			isa = PBXGroup;
			children = (
				A3333ADD1F6D29A5002E88F2 /* QuadCurveMenuSWIFT.app */,
				A3333AF41F6D29A5002E88F2 /* QuadCurveMenuSWIFTTests.xctest */,
				A3333AFF1F6D29A5002E88F2 /* QuadCurveMenuSWIFTUITests.xctest */,
			);
			name = Products;
			sourceTree = "<group>";
		};
		A3333ADF1F6D29A5002E88F2 /* QuadCurveMenuSWIFT */ = {
			isa = PBXGroup;
			children = (
				A3333AE01F6D29A5002E88F2 /* AppDelegate.swift */,
				A3333B111F6D2C5C002E88F2 /* AwesomeViewController.swift */,
				A3333B131F6D2DD2002E88F2 /* QuadCurveMenuDelegate.swift */,
				A3333B191F6D3911002E88F2 /* AwesomeDataSource.swift */,
				A3333B5A1F6E5AE3002E88F2 /* AGMedallionView */,
				A3333B3B1F6E10A0002E88F2 /* QuadCurveMenu */,
				A3333B1F1F6E0E37002E88F2 /* images */,
				A3333B151F6D30BE002E88F2 /* Others */,
			);
			path = QuadCurveMenuSWIFT;
			sourceTree = "<group>";
		};
		A3333AF71F6D29A5002E88F2 /* QuadCurveMenuSWIFTTests */ = {
			isa = PBXGroup;
			children = (
				A3333AF81F6D29A5002E88F2 /* QuadCurveMenuSWIFTTests.swift */,
				A3333AFA1F6D29A5002E88F2 /* Info.plist */,
			);
			path = QuadCurveMenuSWIFTTests;
			sourceTree = "<group>";
		};
		A3333B021F6D29A5002E88F2 /* QuadCurveMenuSWIFTUITests */ = {
			isa = PBXGroup;
			children = (
				A3333B031F6D29A5002E88F2 /* QuadCurveMenuSWIFTUITests.swift */,
				A3333B051F6D29A5002E88F2 /* Info.plist */,
			);
			path = QuadCurveMenuSWIFTUITests;
			sourceTree = "<group>";
		};
		A3333B151F6D30BE002E88F2 /* Others */ = {
			isa = PBXGroup;
			children = (
				A3333AEA1F6D29A5002E88F2 /* Assets.xcassets */,
				A3333AEF1F6D29A5002E88F2 /* Info.plist */,
				A3333AE71F6D29A5002E88F2 /* QuadCurveMenuSWIFT.xcdatamodeld */,
			);
			name = Others;
			sourceTree = "<group>";
		};
		A3333B1F1F6E0E37002E88F2 /* images */ = {
			isa = PBXGroup;
			children = (
				A3333B201F6E0E58002E88F2 /* unknown-user@2x.png */,
				A3333B211F6E0E58002E88F2 /* unknown-user.png */,
				A3333B221F6E0E58002E88F2 /* icon-star@2x.png */,
				A3333B231F6E0E58002E88F2 /* icon-star@2x.jpg */,
				A3333B241F6E0E58002E88F2 /* icon-star.png */,
				A3333B251F6E0E58002E88F2 /* icon-star.jpg */,
				A3333B261F6E0E58002E88F2 /* icon-plus@2x.png */,
				A3333B271F6E0E58002E88F2 /* icon-plus@2x.jpg */,
				A3333B281F6E0E58002E88F2 /* icon-plus.png */,
				A3333B291F6E0E58002E88F2 /* icon-plus.jpg */,
				A3333B2A1F6E0E58002E88F2 /* facebook@2x.png */,
				A3333B2B1F6E0E58002E88F2 /* facebook.png */,
				A3333B2C1F6E0E58002E88F2 /* classy_fabric.png */,
			);
			name = images;
			sourceTree = "<group>";
		};
		A3333B3A1F6E103F002E88F2 /* Data Source */ = {
			isa = PBXGroup;
			children = (
				A3333B1B1F6D3CB7002E88F2 /* QuadCurveDataSourceDelegate.swift */,
				A3333B1D1F6E0B6D002E88F2 /* QuadCurveDefaultDataSource.swift */,
			);
			name = "Data Source";
			sourceTree = "<group>";
		};
		A3333B3B1F6E10A0002E88F2 /* QuadCurveMenu */ = {
			isa = PBXGroup;
			children = (
				A3333B3C1F6E10B9002E88F2 /* QuadCurveMenuItemEventDelegate.swift */,
				A3333B421F6E11C2002E88F2 /* QuadCurveMenuItem.swift */,
				A3333B441F6E1211002E88F2 /* QuadCurveMenu.swift */,
				A3333B3A1F6E103F002E88F2 /* Data Source */,
				A3333B531F6E1F2A002E88F2 /* Directors */,
				A3333B5D1F6EA82C002E88F2 /* MenuItem Factories */,
				A3333B461F6E18EC002E88F2 /* Animations */,
			);
			name = QuadCurveMenu;
			sourceTree = "<group>";
		};
		A3333B461F6E18EC002E88F2 /* Animations */ = {
			isa = PBXGroup;
			children = (
				A3333B471F6E1931002E88F2 /* QuadCurveAnimation.swift */,
				A3333B491F6E193C002E88F2 /* QuadCurveBlowupAnimation.swift */,
				A3333B4B1F6E1949002E88F2 /* QuadCurveShrinkAnimation.swift */,
				A3333B4D1F6E1953002E88F2 /* QuadCurveItemCloseAnimation.swift */,
				A3333B4F1F6E1960002E88F2 /* QuadCurveItemExpandAnimation.swift */,
				A3333B511F6E1971002E88F2 /* QuadCurveTiltAnimation.swift */,
			);
			name = Animations;
			sourceTree = "<group>";
		};
		A3333B531F6E1F2A002E88F2 /* Directors */ = {
			isa = PBXGroup;
			children = (
				A3333B541F6E1F42002E88F2 /* QuadCurveMotionDirector.swift */,
				A3333B561F6E1F4F002E88F2 /* QuadCurveRadialDirector.swift */,
				A3333B581F6E1F5B002E88F2 /* QuadCurveLinearDirector.swift */,
			);
			name = Directors;
			sourceTree = "<group>";
		};
		A3333B5A1F6E5AE3002E88F2 /* AGMedallionView */ = {
			isa = PBXGroup;
			children = (
				A3333B5B1F6E5AF9002E88F2 /* AGMedallionView.swift */,
			);
			name = AGMedallionView;
			sourceTree = "<group>";
		};
		A3333B5D1F6EA82C002E88F2 /* MenuItem Factories */ = {
			isa = PBXGroup;
			children = (
				A3333B5E1F6EA8AB002E88F2 /* QuadCurveMenuItemFactory.swift */,
				A3333B601F6EA90E002E88F2 /* QuadCurveDefaultMenuItemFactory.swift */,
			);
			name = "MenuItem Factories";
			sourceTree = "<group>";
		};
/* End PBXGroup section */

/* Begin PBXNativeTarget section */
		A3333ADC1F6D29A5002E88F2 /* QuadCurveMenuSWIFT */ = {
			isa = PBXNativeTarget;
			buildConfigurationList = A3333B081F6D29A5002E88F2 /* Build configuration list for PBXNativeTarget "QuadCurveMenuSWIFT" */;
			buildPhases = (
				A3333AD91F6D29A5002E88F2 /* Sources */,
				A3333ADA1F6D29A5002E88F2 /* Frameworks */,
				A3333ADB1F6D29A5002E88F2 /* Resources */,
			);
			buildRules = (
			);
			dependencies = (
			);
			name = QuadCurveMenuSWIFT;
			productName = QuadCurveMenuSWIFT;
			productReference = A3333ADD1F6D29A5002E88F2 /* QuadCurveMenuSWIFT.app */;
			productType = "com.apple.product-type.application";
		};
		A3333AF31F6D29A5002E88F2 /* QuadCurveMenuSWIFTTests */ = {
			isa = PBXNativeTarget;
			buildConfigurationList = A3333B0B1F6D29A5002E88F2 /* Build configuration list for PBXNativeTarget "QuadCurveMenuSWIFTTests" */;
			buildPhases = (
				A3333AF01F6D29A5002E88F2 /* Sources */,
				A3333AF11F6D29A5002E88F2 /* Frameworks */,
				A3333AF21F6D29A5002E88F2 /* Resources */,
			);
			buildRules = (
			);
			dependencies = (
				A3333AF61F6D29A5002E88F2 /* PBXTargetDependency */,
			);
			name = QuadCurveMenuSWIFTTests;
			productName = QuadCurveMenuSWIFTTests;
			productReference = A3333AF41F6D29A5002E88F2 /* QuadCurveMenuSWIFTTests.xctest */;
			productType = "com.apple.product-type.bundle.unit-test";
		};
		A3333AFE1F6D29A5002E88F2 /* QuadCurveMenuSWIFTUITests */ = {
			isa = PBXNativeTarget;
			buildConfigurationList = A3333B0E1F6D29A5002E88F2 /* Build configuration list for PBXNativeTarget "QuadCurveMenuSWIFTUITests" */;
			buildPhases = (
				A3333AFB1F6D29A5002E88F2 /* Sources */,
				A3333AFC1F6D29A5002E88F2 /* Frameworks */,
				A3333AFD1F6D29A5002E88F2 /* Resources */,
			);
			buildRules = (
			);
			dependencies = (
				A3333B011F6D29A5002E88F2 /* PBXTargetDependency */,
			);
			name = QuadCurveMenuSWIFTUITests;
			productName = QuadCurveMenuSWIFTUITests;
			productReference = A3333AFF1F6D29A5002E88F2 /* QuadCurveMenuSWIFTUITests.xctest */;
			productType = "com.apple.product-type.bundle.ui-testing";
		};
/* End PBXNativeTarget section */

/* Begin PBXProject section */
		A3333AD51F6D29A5002E88F2 /* Project object */ = {
			isa = PBXProject;
			attributes = {
				LastSwiftUpdateCheck = 0830;
				LastUpgradeCheck = 0900;
				ORGANIZATIONNAME = "Abdullah Al-Ashi";
				TargetAttributes = {
					A3333ADC1F6D29A5002E88F2 = {
						CreatedOnToolsVersion = 8.3;
						DevelopmentTeam = 53GV6UFM5R;
						LastSwiftMigration = 0900;
						ProvisioningStyle = Automatic;
					};
					A3333AF31F6D29A5002E88F2 = {
						CreatedOnToolsVersion = 8.3;
						DevelopmentTeam = 53GV6UFM5R;
						LastSwiftMigration = 0900;
						ProvisioningStyle = Automatic;
						TestTargetID = A3333ADC1F6D29A5002E88F2;
					};
					A3333AFE1F6D29A5002E88F2 = {
						CreatedOnToolsVersion = 8.3;
						DevelopmentTeam = 53GV6UFM5R;
						LastSwiftMigration = 0900;
						ProvisioningStyle = Automatic;
						TestTargetID = A3333ADC1F6D29A5002E88F2;
					};
				};
			};
			buildConfigurationList = A3333AD81F6D29A5002E88F2 /* Build configuration list for PBXProject "QuadCurveMenuSWIFT" */;
			compatibilityVersion = "Xcode 3.2";
			developmentRegion = English;
			hasScannedForEncodings = 0;
			knownRegions = (
				en,
				Base,
			);
			mainGroup = A3333AD41F6D29A5002E88F2;
			productRefGroup = A3333ADE1F6D29A5002E88F2 /* Products */;
			projectDirPath = "";
			projectRoot = "";
			targets = (
				A3333ADC1F6D29A5002E88F2 /* QuadCurveMenuSWIFT */,
				A3333AF31F6D29A5002E88F2 /* QuadCurveMenuSWIFTTests */,
				A3333AFE1F6D29A5002E88F2 /* QuadCurveMenuSWIFTUITests */,
			);
		};
/* End PBXProject section */

/* Begin PBXResourcesBuildPhase section */
		A3333ADB1F6D29A5002E88F2 /* Resources */ = {
			isa = PBXResourcesBuildPhase;
			buildActionMask = 2147483647;
			files = (
				A3333B311F6E0E58002E88F2 /* icon-star.png in Resources */,
				A3333B2D1F6E0E58002E88F2 /* unknown-user@2x.png in Resources */,
				A3333B341F6E0E58002E88F2 /* icon-plus@2x.jpg in Resources */,
				A3333B2F1F6E0E58002E88F2 /* icon-star@2x.png in Resources */,
				A3333B351F6E0E58002E88F2 /* icon-plus.png in Resources */,
				A3333B301F6E0E58002E88F2 /* icon-star@2x.jpg in Resources */,
				A3333AEB1F6D29A5002E88F2 /* Assets.xcassets in Resources */,
				A3333B321F6E0E58002E88F2 /* icon-star.jpg in Resources */,
				A3333B3F1F6E118C002E88F2 /* Default-568h@2x.png in Resources */,
				A3333B2E1F6E0E58002E88F2 /* unknown-user.png in Resources */,
				A3333B391F6E0E58002E88F2 /* classy_fabric.png in Resources */,
				A3333B361F6E0E58002E88F2 /* icon-plus.jpg in Resources */,
				A3333B381F6E0E58002E88F2 /* facebook.png in Resources */,
				A3333B371F6E0E58002E88F2 /* facebook@2x.png in Resources */,
				A3333B331F6E0E58002E88F2 /* icon-plus@2x.png in Resources */,
			);
			runOnlyForDeploymentPostprocessing = 0;
		};
		A3333AF21F6D29A5002E88F2 /* Resources */ = {
			isa = PBXResourcesBuildPhase;
			buildActionMask = 2147483647;
			files = (
			);
			runOnlyForDeploymentPostprocessing = 0;
		};
		A3333AFD1F6D29A5002E88F2 /* Resources */ = {
			isa = PBXResourcesBuildPhase;
			buildActionMask = 2147483647;
			files = (
			);
			runOnlyForDeploymentPostprocessing = 0;
		};
/* End PBXResourcesBuildPhase section */

/* Begin PBXSourcesBuildPhase section */
		A3333AD91F6D29A5002E88F2 /* Sources */ = {
			isa = PBXSourcesBuildPhase;
			buildActionMask = 2147483647;
			files = (
				A3333B141F6D2DD2002E88F2 /* QuadCurveMenuDelegate.swift in Sources */,
				A3333B1A1F6D3911002E88F2 /* AwesomeDataSource.swift in Sources */,
				A3333AE11F6D29A5002E88F2 /* AppDelegate.swift in Sources */,
				A3333B121F6D2C5C002E88F2 /* AwesomeViewController.swift in Sources */,
				A3333B4E1F6E1953002E88F2 /* QuadCurveItemCloseAnimation.swift in Sources */,
				A3333B4A1F6E193C002E88F2 /* QuadCurveBlowupAnimation.swift in Sources */,
				A3333B591F6E1F5B002E88F2 /* QuadCurveLinearDirector.swift in Sources */,
				A3333AE91F6D29A5002E88F2 /* QuadCurveMenuSWIFT.xcdatamodeld in Sources */,
				A3333B551F6E1F42002E88F2 /* QuadCurveMotionDirector.swift in Sources */,
				A3333B451F6E1211002E88F2 /* QuadCurveMenu.swift in Sources */,
				A3333B521F6E1971002E88F2 /* QuadCurveTiltAnimation.swift in Sources */,
				A3333B4C1F6E1949002E88F2 /* QuadCurveShrinkAnimation.swift in Sources */,
				A3333B571F6E1F4F002E88F2 /* QuadCurveRadialDirector.swift in Sources */,
				A3333B481F6E1931002E88F2 /* QuadCurveAnimation.swift in Sources */,
				A3333B1E1F6E0B6D002E88F2 /* QuadCurveDefaultDataSource.swift in Sources */,
				A3333B501F6E1960002E88F2 /* QuadCurveItemExpandAnimation.swift in Sources */,
				A3333B611F6EA90E002E88F2 /* QuadCurveDefaultMenuItemFactory.swift in Sources */,
				A3333B431F6E11C2002E88F2 /* QuadCurveMenuItem.swift in Sources */,
				A3333B5C1F6E5AF9002E88F2 /* AGMedallionView.swift in Sources */,
				A3333B1C1F6D3CB7002E88F2 /* QuadCurveDataSourceDelegate.swift in Sources */,
				A3333B3D1F6E10B9002E88F2 /* QuadCurveMenuItemEventDelegate.swift in Sources */,
				A3333B5F1F6EA8AB002E88F2 /* QuadCurveMenuItemFactory.swift in Sources */,
			);
			runOnlyForDeploymentPostprocessing = 0;
		};
		A3333AF01F6D29A5002E88F2 /* Sources */ = {
			isa = PBXSourcesBuildPhase;
			buildActionMask = 2147483647;
			files = (
				A3333AF91F6D29A5002E88F2 /* QuadCurveMenuSWIFTTests.swift in Sources */,
			);
			runOnlyForDeploymentPostprocessing = 0;
		};
		A3333AFB1F6D29A5002E88F2 /* Sources */ = {
			isa = PBXSourcesBuildPhase;
			buildActionMask = 2147483647;
			files = (
				A3333B041F6D29A5002E88F2 /* QuadCurveMenuSWIFTUITests.swift in Sources */,
			);
			runOnlyForDeploymentPostprocessing = 0;
		};
/* End PBXSourcesBuildPhase section */

/* Begin PBXTargetDependency section */
		A3333AF61F6D29A5002E88F2 /* PBXTargetDependency */ = {
			isa = PBXTargetDependency;
			target = A3333ADC1F6D29A5002E88F2 /* QuadCurveMenuSWIFT */;
			targetProxy = A3333AF51F6D29A5002E88F2 /* PBXContainerItemProxy */;
		};
		A3333B011F6D29A5002E88F2 /* PBXTargetDependency */ = {
			isa = PBXTargetDependency;
			target = A3333ADC1F6D29A5002E88F2 /* QuadCurveMenuSWIFT */;
			targetProxy = A3333B001F6D29A5002E88F2 /* PBXContainerItemProxy */;
		};
/* End PBXTargetDependency section */

/* Begin XCBuildConfiguration section */
		A3333B061F6D29A5002E88F2 /* Debug */ = {
			isa = XCBuildConfiguration;
			buildSettings = {
				ALWAYS_SEARCH_USER_PATHS = NO;
				CLANG_ANALYZER_NONNULL = YES;
				CLANG_ANALYZER_NUMBER_OBJECT_CONVERSION = YES_AGGRESSIVE;
				CLANG_CXX_LANGUAGE_STANDARD = "gnu++0x";
				CLANG_CXX_LIBRARY = "libc++";
				CLANG_ENABLE_MODULES = YES;
				CLANG_ENABLE_OBJC_ARC = YES;
				CLANG_WARN_BLOCK_CAPTURE_AUTORELEASING = YES;
				CLANG_WARN_BOOL_CONVERSION = YES;
				CLANG_WARN_COMMA = YES;
				CLANG_WARN_CONSTANT_CONVERSION = YES;
				CLANG_WARN_DIRECT_OBJC_ISA_USAGE = YES_ERROR;
				CLANG_WARN_DOCUMENTATION_COMMENTS = YES;
				CLANG_WARN_EMPTY_BODY = YES;
				CLANG_WARN_ENUM_CONVERSION = YES;
				CLANG_WARN_INFINITE_RECURSION = YES;
				CLANG_WARN_INT_CONVERSION = YES;
				CLANG_WARN_NON_LITERAL_NULL_CONVERSION = YES;
				CLANG_WARN_OBJC_LITERAL_CONVERSION = YES;
				CLANG_WARN_OBJC_ROOT_CLASS = YES_ERROR;
				CLANG_WARN_RANGE_LOOP_ANALYSIS = YES;
				CLANG_WARN_STRICT_PROTOTYPES = YES;
				CLANG_WARN_SUSPICIOUS_MOVE = YES;
				CLANG_WARN_UNREACHABLE_CODE = YES;
				CLANG_WARN__DUPLICATE_METHOD_MATCH = YES;
				"CODE_SIGN_IDENTITY[sdk=iphoneos*]" = "iPhone Developer";
				COPY_PHASE_STRIP = NO;
				DEBUG_INFORMATION_FORMAT = dwarf;
				ENABLE_STRICT_OBJC_MSGSEND = YES;
				ENABLE_TESTABILITY = YES;
				GCC_C_LANGUAGE_STANDARD = gnu99;
				GCC_DYNAMIC_NO_PIC = NO;
				GCC_NO_COMMON_BLOCKS = YES;
				GCC_OPTIMIZATION_LEVEL = 0;
				GCC_PREPROCESSOR_DEFINITIONS = (
					"DEBUG=1",
					"$(inherited)",
				);
				GCC_WARN_64_TO_32_BIT_CONVERSION = YES;
				GCC_WARN_ABOUT_RETURN_TYPE = YES_ERROR;
				GCC_WARN_UNDECLARED_SELECTOR = YES;
				GCC_WARN_UNINITIALIZED_AUTOS = YES_AGGRESSIVE;
				GCC_WARN_UNUSED_FUNCTION = YES;
				GCC_WARN_UNUSED_VARIABLE = YES;
				IPHONEOS_DEPLOYMENT_TARGET = 10.3;
				MTL_ENABLE_DEBUG_INFO = YES;
				ONLY_ACTIVE_ARCH = YES;
				SDKROOT = iphoneos;
				SWIFT_ACTIVE_COMPILATION_CONDITIONS = DEBUG;
				SWIFT_OPTIMIZATION_LEVEL = "-Onone";
				TARGETED_DEVICE_FAMILY = "1,2";
			};
			name = Debug;
		};
		A3333B071F6D29A5002E88F2 /* Release */ = {
			isa = XCBuildConfiguration;
			buildSettings = {
				ALWAYS_SEARCH_USER_PATHS = NO;
				CLANG_ANALYZER_NONNULL = YES;
				CLANG_ANALYZER_NUMBER_OBJECT_CONVERSION = YES_AGGRESSIVE;
				CLANG_CXX_LANGUAGE_STANDARD = "gnu++0x";
				CLANG_CXX_LIBRARY = "libc++";
				CLANG_ENABLE_MODULES = YES;
				CLANG_ENABLE_OBJC_ARC = YES;
				CLANG_WARN_BLOCK_CAPTURE_AUTORELEASING = YES;
				CLANG_WARN_BOOL_CONVERSION = YES;
				CLANG_WARN_COMMA = YES;
				CLANG_WARN_CONSTANT_CONVERSION = YES;
				CLANG_WARN_DIRECT_OBJC_ISA_USAGE = YES_ERROR;
				CLANG_WARN_DOCUMENTATION_COMMENTS = YES;
				CLANG_WARN_EMPTY_BODY = YES;
				CLANG_WARN_ENUM_CONVERSION = YES;
				CLANG_WARN_INFINITE_RECURSION = YES;
				CLANG_WARN_INT_CONVERSION = YES;
				CLANG_WARN_NON_LITERAL_NULL_CONVERSION = YES;
				CLANG_WARN_OBJC_LITERAL_CONVERSION = YES;
				CLANG_WARN_OBJC_ROOT_CLASS = YES_ERROR;
				CLANG_WARN_RANGE_LOOP_ANALYSIS = YES;
				CLANG_WARN_STRICT_PROTOTYPES = YES;
				CLANG_WARN_SUSPICIOUS_MOVE = YES;
				CLANG_WARN_UNREACHABLE_CODE = YES;
				CLANG_WARN__DUPLICATE_METHOD_MATCH = YES;
				"CODE_SIGN_IDENTITY[sdk=iphoneos*]" = "iPhone Developer";
				COPY_PHASE_STRIP = NO;
				DEBUG_INFORMATION_FORMAT = "dwarf-with-dsym";
				ENABLE_NS_ASSERTIONS = NO;
				ENABLE_STRICT_OBJC_MSGSEND = YES;
				GCC_C_LANGUAGE_STANDARD = gnu99;
				GCC_NO_COMMON_BLOCKS = YES;
				GCC_WARN_64_TO_32_BIT_CONVERSION = YES;
				GCC_WARN_ABOUT_RETURN_TYPE = YES_ERROR;
				GCC_WARN_UNDECLARED_SELECTOR = YES;
				GCC_WARN_UNINITIALIZED_AUTOS = YES_AGGRESSIVE;
				GCC_WARN_UNUSED_FUNCTION = YES;
				GCC_WARN_UNUSED_VARIABLE = YES;
				IPHONEOS_DEPLOYMENT_TARGET = 10.3;
				MTL_ENABLE_DEBUG_INFO = NO;
				SDKROOT = iphoneos;
				SWIFT_OPTIMIZATION_LEVEL = "-Owholemodule";
				TARGETED_DEVICE_FAMILY = "1,2";
				VALIDATE_PRODUCT = YES;
			};
			name = Release;
		};
		A3333B091F6D29A5002E88F2 /* Debug */ = {
			isa = XCBuildConfiguration;
			buildSettings = {
				ASSETCATALOG_COMPILER_APPICON_NAME = AppIcon;
				DEVELOPMENT_TEAM = 53GV6UFM5R;
				INFOPLIST_FILE = QuadCurveMenuSWIFT/Info.plist;
				LD_RUNPATH_SEARCH_PATHS = "$(inherited) @executable_path/Frameworks";
				PRODUCT_BUNDLE_IDENTIFIER = AlAshi.QuadCurveMenuSWIFT;
				PRODUCT_NAME = "$(TARGET_NAME)";
				SWIFT_SWIFT3_OBJC_INFERENCE = Off;
				SWIFT_VERSION = 4.0;
			};
			name = Debug;
		};
		A3333B0A1F6D29A5002E88F2 /* Release */ = {
			isa = XCBuildConfiguration;
			buildSettings = {
				ASSETCATALOG_COMPILER_APPICON_NAME = AppIcon;
				DEVELOPMENT_TEAM = 53GV6UFM5R;
				INFOPLIST_FILE = QuadCurveMenuSWIFT/Info.plist;
				LD_RUNPATH_SEARCH_PATHS = "$(inherited) @executable_path/Frameworks";
				PRODUCT_BUNDLE_IDENTIFIER = AlAshi.QuadCurveMenuSWIFT;
				PRODUCT_NAME = "$(TARGET_NAME)";
				SWIFT_SWIFT3_OBJC_INFERENCE = Off;
				SWIFT_VERSION = 4.0;
			};
			name = Release;
		};
		A3333B0C1F6D29A5002E88F2 /* Debug */ = {
			isa = XCBuildConfiguration;
			buildSettings = {
				ALWAYS_EMBED_SWIFT_STANDARD_LIBRARIES = YES;
				BUNDLE_LOADER = "$(TEST_HOST)";
				DEVELOPMENT_TEAM = 53GV6UFM5R;
				INFOPLIST_FILE = QuadCurveMenuSWIFTTests/Info.plist;
				LD_RUNPATH_SEARCH_PATHS = "$(inherited) @executable_path/Frameworks @loader_path/Frameworks";
				PRODUCT_BUNDLE_IDENTIFIER = AlAshi.QuadCurveMenuSWIFTTests;
				PRODUCT_NAME = "$(TARGET_NAME)";
				SWIFT_SWIFT3_OBJC_INFERENCE = On;
				SWIFT_VERSION = 4.0;
				TEST_HOST = "$(BUILT_PRODUCTS_DIR)/QuadCurveMenuSWIFT.app/QuadCurveMenuSWIFT";
			};
			name = Debug;
		};
		A3333B0D1F6D29A5002E88F2 /* Release */ = {
			isa = XCBuildConfiguration;
			buildSettings = {
				ALWAYS_EMBED_SWIFT_STANDARD_LIBRARIES = YES;
				BUNDLE_LOADER = "$(TEST_HOST)";
				DEVELOPMENT_TEAM = 53GV6UFM5R;
				INFOPLIST_FILE = QuadCurveMenuSWIFTTests/Info.plist;
				LD_RUNPATH_SEARCH_PATHS = "$(inherited) @executable_path/Frameworks @loader_path/Frameworks";
				PRODUCT_BUNDLE_IDENTIFIER = AlAshi.QuadCurveMenuSWIFTTests;
				PRODUCT_NAME = "$(TARGET_NAME)";
				SWIFT_SWIFT3_OBJC_INFERENCE = On;
				SWIFT_VERSION = 4.0;
				TEST_HOST = "$(BUILT_PRODUCTS_DIR)/QuadCurveMenuSWIFT.app/QuadCurveMenuSWIFT";
			};
			name = Release;
		};
		A3333B0F1F6D29A5002E88F2 /* Debug */ = {
			isa = XCBuildConfiguration;
			buildSettings = {
				ALWAYS_EMBED_SWIFT_STANDARD_LIBRARIES = YES;
				DEVELOPMENT_TEAM = 53GV6UFM5R;
				INFOPLIST_FILE = QuadCurveMenuSWIFTUITests/Info.plist;
				LD_RUNPATH_SEARCH_PATHS = "$(inherited) @executable_path/Frameworks @loader_path/Frameworks";
				PRODUCT_BUNDLE_IDENTIFIER = AlAshi.QuadCurveMenuSWIFTUITests;
				PRODUCT_NAME = "$(TARGET_NAME)";
				SWIFT_SWIFT3_OBJC_INFERENCE = On;
				SWIFT_VERSION = 4.0;
				TEST_TARGET_NAME = QuadCurveMenuSWIFT;
			};
			name = Debug;
		};
		A3333B101F6D29A5002E88F2 /* Release */ = {
			isa = XCBuildConfiguration;
			buildSettings = {
				ALWAYS_EMBED_SWIFT_STANDARD_LIBRARIES = YES;
				DEVELOPMENT_TEAM = 53GV6UFM5R;
				INFOPLIST_FILE = QuadCurveMenuSWIFTUITests/Info.plist;
				LD_RUNPATH_SEARCH_PATHS = "$(inherited) @executable_path/Frameworks @loader_path/Frameworks";
				PRODUCT_BUNDLE_IDENTIFIER = AlAshi.QuadCurveMenuSWIFTUITests;
				PRODUCT_NAME = "$(TARGET_NAME)";
				SWIFT_SWIFT3_OBJC_INFERENCE = On;
				SWIFT_VERSION = 4.0;
				TEST_TARGET_NAME = QuadCurveMenuSWIFT;
			};
			name = Release;
		};
/* End XCBuildConfiguration section */

/* Begin XCConfigurationList section */
		A3333AD81F6D29A5002E88F2 /* Build configuration list for PBXProject "QuadCurveMenuSWIFT" */ = {
			isa = XCConfigurationList;
			buildConfigurations = (
				A3333B061F6D29A5002E88F2 /* Debug */,
				A3333B071F6D29A5002E88F2 /* Release */,
			);
			defaultConfigurationIsVisible = 0;
			defaultConfigurationName = Release;
		};
		A3333B081F6D29A5002E88F2 /* Build configuration list for PBXNativeTarget "QuadCurveMenuSWIFT" */ = {
			isa = XCConfigurationList;
			buildConfigurations = (
				A3333B091F6D29A5002E88F2 /* Debug */,
				A3333B0A1F6D29A5002E88F2 /* Release */,
			);
			defaultConfigurationIsVisible = 0;
			defaultConfigurationName = Release;
		};
		A3333B0B1F6D29A5002E88F2 /* Build configuration list for PBXNativeTarget "QuadCurveMenuSWIFTTests" */ = {
			isa = XCConfigurationList;
			buildConfigurations = (
				A3333B0C1F6D29A5002E88F2 /* Debug */,
				A3333B0D1F6D29A5002E88F2 /* Release */,
			);
			defaultConfigurationIsVisible = 0;
			defaultConfigurationName = Release;
		};
		A3333B0E1F6D29A5002E88F2 /* Build configuration list for PBXNativeTarget "QuadCurveMenuSWIFTUITests" */ = {
			isa = XCConfigurationList;
			buildConfigurations = (
				A3333B0F1F6D29A5002E88F2 /* Debug */,
				A3333B101F6D29A5002E88F2 /* Release */,
			);
			defaultConfigurationIsVisible = 0;
			defaultConfigurationName = Release;
		};
/* End XCConfigurationList section */

/* Begin XCVersionGroup section */
		A3333AE71F6D29A5002E88F2 /* QuadCurveMenuSWIFT.xcdatamodeld */ = {
			isa = XCVersionGroup;
			children = (
				A3333AE81F6D29A5002E88F2 /* QuadCurveMenuSWIFT.xcdatamodel */,
			);
			currentVersion = A3333AE81F6D29A5002E88F2 /* QuadCurveMenuSWIFT.xcdatamodel */;
			path = QuadCurveMenuSWIFT.xcdatamodeld;
			sourceTree = "<group>";
			versionGroupType = wrapper.xcdatamodel;
		};
/* End XCVersionGroup section */
	};
	rootObject = A3333AD51F6D29A5002E88F2 /* Project object */;
}
